PODS:
  - Alamofire (4.8.0)
  - AppAuth (0.95.0)
  - edgeSDK-iOS (0.1.33)
  - edgeSDK-iOS-app-auth (0.1.33):
    - AppAuth
    - edgeSDK-iOS
    - Starscream
    - SwiftyJSON
  - edgeSDK-iOS-app-ops (0.1.35):
    - Alamofire
    - edgeSDK-iOS
    - Starscream
    - SwiftyJSON
  - JWTDecode (2.1.1)
  - Starscream (3.0.6)
  - SwiftyJSON (4.2.0)

DEPENDENCIES:
  - Alamofire
  - edgeSDK-iOS
  - edgeSDK-iOS-app-auth
  - edgeSDK-iOS-app-ops
  - JWTDecode
  - SwiftyJSON

SPEC REPOS:
  https://github.com/cocoapods/specs.git:
    - Alamofire
    - AppAuth
    - JWTDecode
    - Starscream
    - SwiftyJSON
  https://github.com/mimikgit/cocoapod-edge-specs.git:
    - edgeSDK-iOS
    - edgeSDK-iOS-app-auth
    - edgeSDK-iOS-app-ops

SPEC CHECKSUMS:
  Alamofire: 3ec537f71edc9804815215393ae2b1a8ea33a844
  AppAuth: 137f6bb6fc9dfbaf2cf9f6fcff1d336ff0163bc6
  edgeSDK-iOS: c9f094aac816a10c92f520f37f8ea6e30a049d72
  edgeSDK-iOS-app-auth: cf0ca3c85a2caf15d307d578b80bd238dede2f75
  edgeSDK-iOS-app-ops: c853039038f6b7c0a1c81845001e8f6438588836
  JWTDecode: 83e8b381aafe27158d9f692cbdca2b12d61d460c
  Starscream: ef3ece99d765eeccb67de105bfa143f929026cf5
  SwiftyJSON: c4bcba26dd9ec7a027fc8eade48e2c911f229e96

PODFILE CHECKSUM: c0969c04d3a61498330d96f1aba1050557c05206

COCOAPODS: 1.5.3
